// !$*UTF8*$!
{
	archiveVersion = 1;
	classes = {
	};
	objectVersion = 50;
	objects = {

/* Begin PBXBuildFile section */
		BB1BD98522D9CBE400B9D951 /* AppDelegate.swift in Sources */ = {isa = PBXBuildFile; fileRef = BB1BD98422D9CBE400B9D951 /* AppDelegate.swift */; };
		BB1BD98722D9CBE400B9D951 /* SceneDelegate.swift in Sources */ = {isa = PBXBuildFile; fileRef = BB1BD98622D9CBE400B9D951 /* SceneDelegate.swift */; };
		BB1BD98922D9CBE400B9D951 /* ContentView.swift in Sources */ = {isa = PBXBuildFile; fileRef = BB1BD98822D9CBE400B9D951 /* ContentView.swift */; };
		BB1BD98B22D9CBE800B9D951 /* Assets.xcassets in Resources */ = {isa = PBXBuildFile; fileRef = BB1BD98A22D9CBE800B9D951 /* Assets.xcassets */; };
		BB1BD98E22D9CBE800B9D951 /* Preview Assets.xcassets in Resources */ = {isa = PBXBuildFile; fileRef = BB1BD98D22D9CBE800B9D951 /* Preview Assets.xcassets */; };
		BB1BD99122D9CBE800B9D951 /* LaunchScreen.storyboard in Resources */ = {isa = PBXBuildFile; fileRef = BB1BD98F22D9CBE800B9D951 /* LaunchScreen.storyboard */; };
/* End PBXBuildFile section */

/* Begin PBXFileReference section */
		BB1BD98122D9CBE400B9D951 /* MovieSwiftUI.app */ = {isa = PBXFileReference; explicitFileType = wrapper.application; includeInIndex = 0; path = MovieSwiftUI.app; sourceTree = BUILT_PRODUCTS_DIR; };
		BB1BD98422D9CBE400B9D951 /* AppDelegate.swift */ = {isa = PBXFileReference; lastKnownFileType = sourcecode.swift; path = AppDelegate.swift; sourceTree = "<group>"; };
		BB1BD98622D9CBE400B9D951 /* SceneDelegate.swift */ = {isa = PBXFileReference; lastKnownFileType = sourcecode.swift; path = SceneDelegate.swift; sourceTree = "<group>"; };
		BB1BD98822D9CBE400B9D951 /* ContentView.swift */ = {isa = PBXFileReference; lastKnownFileType = sourcecode.swift; path = ContentView.swift; sourceTree = "<group>"; };
		BB1BD98A22D9CBE800B9D951 /* Assets.xcassets */ = {isa = PBXFileReference; lastKnownFileType = folder.assetcatalog; path = Assets.xcassets; sourceTree = "<group>"; };
		BB1BD98D22D9CBE800B9D951 /* Preview Assets.xcassets */ = {isa = PBXFileReference; lastKnownFileType = folder.assetcatalog; path = "Preview Assets.xcassets"; sourceTree = "<group>"; };
		BB1BD99022D9CBE800B9D951 /* Base */ = {isa = PBXFileReference; lastKnownFileType = file.storyboard; name = Base; path = Base.lproj/LaunchScreen.storyboard; sourceTree = "<group>"; };
		BB1BD99222D9CBE800B9D951 /* Info.plist */ = {isa = PBXFileReference; lastKnownFileType = text.plist.xml; path = Info.plist; sourceTree = "<group>"; };
/* End PBXFileReference section */

/* Begin PBXFrameworksBuildPhase section */
		BB1BD97E22D9CBE400B9D951 /* Frameworks */ = {
			isa = PBXFrameworksBuildPhase;
			buildActionMask = 2147483647;
			files = (
			);
			runOnlyForDeploymentPostprocessing = 0;
		};
/* End PBXFrameworksBuildPhase section */

/* Begin PBXGroup section */
		BB1BD97822D9CBE400B9D951 = {
			isa = PBXGroup;
			children = (
				BB1BD98322D9CBE400B9D951 /* MovieSwiftUI */,
				BB1BD98222D9CBE400B9D951 /* Products */,
			);
			sourceTree = "<group>";
		};
		BB1BD98222D9CBE400B9D951 /* Products */ = {
			isa = PBXGroup;
			children = (
				BB1BD98122D9CBE400B9D951 /* MovieSwiftUI.app */,
			);
			name = Products;
			sourceTree = "<group>";
		};
		BB1BD98322D9CBE400B9D951 /* MovieSwiftUI */ = {
			isa = PBXGroup;
			children = (
				BB1BD98422D9CBE400B9D951 /* AppDelegate.swift */,
				BB1BD98622D9CBE400B9D951 /* SceneDelegate.swift */,
				BB1BD98822D9CBE400B9D951 /* ContentView.swift */,
				BB1BD98A22D9CBE800B9D951 /* Assets.xcassets */,
				BB1BD98F22D9CBE800B9D951 /* LaunchScreen.storyboard */,
				BB1BD99222D9CBE800B9D951 /* Info.plist */,
				BB1BD98C22D9CBE800B9D951 /* Preview Content */,
			);
			path = MovieSwiftUI;
			sourceTree = "<group>";
		};
		BB1BD98C22D9CBE800B9D951 /* Preview Content */ = {
			isa = PBXGroup;
			children = (
				BB1BD98D22D9CBE800B9D951 /* Preview Assets.xcassets */,
			);
			path = "Preview Content";
			sourceTree = "<group>";
		};
/* End PBXGroup section */

/* Begin PBXNativeTarget section */
		BB1BD98022D9CBE400B9D951 /* MovieSwiftUI */ = {
			isa = PBXNativeTarget;
			buildConfigurationList = BB1BD99522D9CBE800B9D951 /* Build configuration list for PBXNativeTarget "MovieSwiftUI" */;
			buildPhases = (
				BB1BD97D22D9CBE400B9D951 /* Sources */,
				BB1BD97E22D9CBE400B9D951 /* Frameworks */,
				BB1BD97F22D9CBE400B9D951 /* Resources */,
			);
			buildRules = (
			);
			dependencies = (
			);
			name = MovieSwiftUI;
			productName = MovieSwiftUI;
			productReference = BB1BD98122D9CBE400B9D951 /* MovieSwiftUI.app */;
			productType = "com.apple.product-type.application";
		};
/* End PBXNativeTarget section */

/* Begin PBXProject section */
		BB1BD97922D9CBE400B9D951 /* Project object */ = {
			isa = PBXProject;
			attributes = {
				LastSwiftUpdateCheck = 1100;
				LastUpgradeCheck = 1100;
				ORGANIZATIONNAME = "Antonakakis Nikolaos";
				TargetAttributes = {
					BB1BD98022D9CBE400B9D951 = {
						CreatedOnToolsVersion = 11.0;
					};
				};
			};
			buildConfigurationList = BB1BD97C22D9CBE400B9D951 /* Build configuration list for PBXProject "MovieSwiftUI" */;
			compatibilityVersion = "Xcode 9.3";
			developmentRegion = en;
			hasScannedForEncodings = 0;
			knownRegions = (
				en,
				Base,
			);
			mainGroup = BB1BD97822D9CBE400B9D951;
			productRefGroup = BB1BD98222D9CBE400B9D951 /* Products */;
			projectDirPath = "";
			projectRoot = "";
			targets = (
				BB1BD98022D9CBE400B9D951 /* MovieSwiftUI */,
			);
		};
/* End PBXProject section */

/* Begin PBXResourcesBuildPhase section */
		BB1BD97F22D9CBE400B9D951 /* Resources */ = {
			isa = PBXResourcesBuildPhase;
			buildActionMask = 2147483647;
			files = (
				BB1BD99122D9CBE800B9D951 /* LaunchScreen.storyboard in Resources */,
				BB1BD98E22D9CBE800B9D951 /* Preview Assets.xcassets in Resources */,
				BB1BD98B22D9CBE800B9D951 /* Assets.xcassets in Resources */,
			);
			runOnlyForDeploymentPostprocessing = 0;
		};
/* End PBXResourcesBuildPhase section */

/* Begin PBXSourcesBuildPhase section */
		BB1BD97D22D9CBE400B9D951 /* Sources */ = {
			isa = PBXSourcesBuildPhase;
			buildActionMask = 2147483647;
			files = (
				BB1BD98522D9CBE400B9D951 /* AppDelegate.swift in Sources */,
				BB1BD98722D9CBE400B9D951 /* SceneDelegate.swift in Sources */,
				BB1BD98922D9CBE400B9D951 /* ContentView.swift in Sources */,
			);
			runOnlyForDeploymentPostprocessing = 0;
		};
/* End PBXSourcesBuildPhase section */

/* Begin PBXVariantGroup section */
		BB1BD98F22D9CBE800B9D951 /* LaunchScreen.storyboard */ = {
			isa = PBXVariantGroup;
			children = (
				BB1BD99022D9CBE800B9D951 /* Base */,
			);
			name = LaunchScreen.storyboard;
			sourceTree = "<group>";
		};
/* End PBXVariantGroup section */

/* Begin XCBuildConfiguration section */
		BB1BD99322D9CBE800B9D951 /* Debug */ = {
			isa = XCBuildConfiguration;
			buildSettings = {
				ALWAYS_SEARCH_USER_PATHS = NO;
				CLANG_ANALYZER_NONNULL = YES;
				CLANG_ANALYZER_NUMBER_OBJECT_CONVERSION = YES_AGGRESSIVE;
				CLANG_CXX_LANGUAGE_STANDARD = "gnu++14";
				CLANG_CXX_LIBRARY = "libc++";
				CLANG_ENABLE_MODULES = YES;
				CLANG_ENABLE_OBJC_ARC = YES;
				CLANG_ENABLE_OBJC_WEAK = YES;
				CLANG_WARN_BLOCK_CAPTURE_AUTORELEASING = YES;
				CLANG_WARN_BOOL_CONVERSION = YES;
				CLANG_WARN_COMMA = YES;
				CLANG_WARN_CONSTANT_CONVERSION = YES;
				CLANG_WARN_DEPRECATED_OBJC_IMPLEMENTATIONS = YES;
				CLANG_WARN_DIRECT_OBJC_ISA_USAGE = YES_ERROR;
				CLANG_WARN_DOCUMENTATION_COMMENTS = YES;
				CLANG_WARN_EMPTY_BODY = YES;
				CLANG_WARN_ENUM_CONVERSION = YES;
				CLANG_WARN_INFINITE_RECURSION = YES;
				CLANG_WARN_INT_CONVERSION = YES;
				CLANG_WARN_NON_LITERAL_NULL_CONVERSION = YES;
				CLANG_WARN_OBJC_IMPLICIT_RETAIN_SELF = YES;
				CLANG_WARN_OBJC_LITERAL_CONVERSION = YES;
				CLANG_WARN_OBJC_ROOT_CLASS = YES_ERROR;
				CLANG_WARN_RANGE_LOOP_ANALYSIS = YES;
				CLANG_WARN_STRICT_PROTOTYPES = YES;
				CLANG_WARN_SUSPICIOUS_MOVE = YES;
				CLANG_WARN_UNGUARDED_AVAILABILITY = YES_AGGRESSIVE;
				CLANG_WARN_UNREACHABLE_CODE = YES;
				CLANG_WARN__DUPLICATE_METHOD_MATCH = YES;
				COPY_PHASE_STRIP = NO;
				DEBUG_INFORMATION_FORMAT = dwarf;
				ENABLE_STRICT_OBJC_MSGSEND = YES;
				ENABLE_TESTABILITY = YES;
				GCC_C_LANGUAGE_STANDARD = gnu11;
				GCC_DYNAMIC_NO_PIC = NO;
				GCC_NO_COMMON_BLOCKS = YES;
				GCC_OPTIMIZATION_LEVEL = 0;
				GCC_PREPROCESSOR_DEFINITIONS = (
					"DEBUG=1",
					"$(inherited)",
				);
				GCC_WARN_64_TO_32_BIT_CONVERSION = YES;
				GCC_WARN_ABOUT_RETURN_TYPE = YES_ERROR;
				GCC_WARN_UNDECLARED_SELECTOR = YES;
				GCC_WARN_UNINITIALIZED_AUTOS = YES_AGGRESSIVE;
				GCC_WARN_UNUSED_FUNCTION = YES;
				GCC_WARN_UNUSED_VARIABLE = YES;
				IPHONEOS_DEPLOYMENT_TARGET = 13.0;
				MTL_ENABLE_DEBUG_INFO = INCLUDE_SOURCE;
				MTL_FAST_MATH = YES;
				ONLY_ACTIVE_ARCH = YES;
				SDKROOT = iphoneos;
				SWIFT_ACTIVE_COMPILATION_CONDITIONS = DEBUG;
				SWIFT_OPTIMIZATION_LEVEL = "-Onone";
			};
			name = Debug;
		};
		BB1BD99422D9CBE800B9D951 /* Release */ = {
			isa = XCBuildConfiguration;
			buildSettings = {
				ALWAYS_SEARCH_USER_PATHS = NO;
				CLANG_ANALYZER_NONNULL = YES;
				CLANG_ANALYZER_NUMBER_OBJECT_CONVERSION = YES_AGGRESSIVE;
				CLANG_CXX_LANGUAGE_STANDARD = "gnu++14";
				CLANG_CXX_LIBRARY = "libc++";
				CLANG_ENABLE_MODULES = YES;
				CLANG_ENABLE_OBJC_ARC = YES;
				CLANG_ENABLE_OBJC_WEAK = YES;
				CLANG_WARN_BLOCK_CAPTURE_AUTORELEASING = YES;
				CLANG_WARN_BOOL_CONVERSION = YES;
				CLANG_WARN_COMMA = YES;
				CLANG_WARN_CONSTANT_CONVERSION = YES;
				CLANG_WARN_DEPRECATED_OBJC_IMPLEMENTATIONS = YES;
				CLANG_WARN_DIRECT_OBJC_ISA_USAGE = YES_ERROR;
				CLANG_WARN_DOCUMENTATION_COMMENTS = YES;
				CLANG_WARN_EMPTY_BODY = YES;
				CLANG_WARN_ENUM_CONVERSION = YES;
				CLANG_WARN_INFINITE_RECURSION = YES;
				CLANG_WARN_INT_CONVERSION = YES;
				CLANG_WARN_NON_LITERAL_NULL_CONVERSION = YES;
				CLANG_WARN_OBJC_IMPLICIT_RETAIN_SELF = YES;
				CLANG_WARN_OBJC_LITERAL_CONVERSION = YES;
				CLANG_WARN_OBJC_ROOT_CLASS = YES_ERROR;
				CLANG_WARN_RANGE_LOOP_ANALYSIS = YES;
				CLANG_WARN_STRICT_PROTOTYPES = YES;
				CLANG_WARN_SUSPICIOUS_MOVE = YES;
				CLANG_WARN_UNGUARDED_AVAILABILITY = YES_AGGRESSIVE;
				CLANG_WARN_UNREACHABLE_CODE = YES;
				CLANG_WARN__DUPLICATE_METHOD_MATCH = YES;
				COPY_PHASE_STRIP = NO;
				DEBUG_INFORMATION_FORMAT = "dwarf-with-dsym";
				ENABLE_NS_ASSERTIONS = NO;
				ENABLE_STRICT_OBJC_MSGSEND = YES;
				GCC_C_LANGUAGE_STANDARD = gnu11;
				GCC_NO_COMMON_BLOCKS = YES;
				GCC_WARN_64_TO_32_BIT_CONVERSION = YES;
				GCC_WARN_ABOUT_RETURN_TYPE = YES_ERROR;
				GCC_WARN_UNDECLARED_SELECTOR = YES;
				GCC_WARN_UNINITIALIZED_AUTOS = YES_AGGRESSIVE;
				GCC_WARN_UNUSED_FUNCTION = YES;
				GCC_WARN_UNUSED_VARIABLE = YES;
				IPHONEOS_DEPLOYMENT_TARGET = 13.0;
				MTL_ENABLE_DEBUG_INFO = NO;
				MTL_FAST_MATH = YES;
				SDKROOT = iphoneos;
				SWIFT_COMPILATION_MODE = wholemodule;
				SWIFT_OPTIMIZATION_LEVEL = "-O";
				VALIDATE_PRODUCT = YES;
			};
			name = Release;
		};
		BB1BD99622D9CBE800B9D951 /* Debug */ = {
			isa = XCBuildConfiguration;
			buildSettings = {
				ASSETCATALOG_COMPILER_APPICON_NAME = AppIcon;
				CODE_SIGN_STYLE = Automatic;
				DEVELOPMENT_ASSET_PATHS = "MovieSwiftUI/Preview\\ Content";
				DEVELOPMENT_TEAM = DL942A8RW4;
				ENABLE_PREVIEWS = YES;
				INFOPLIST_FILE = MovieSwiftUI/Info.plist;
				LD_RUNPATH_SEARCH_PATHS = (
					"$(inherited)",
					"@executable_path/Frameworks",
				);
				PRODUCT_BUNDLE_IDENTIFIER = com.antonakakis.MovieSwiftUI;
				PRODUCT_NAME = "$(TARGET_NAME)";
				SWIFT_VERSION = 5.0;
				TARGETED_DEVICE_FAMILY = "1,2";
			};
			name = Debug;
		};
		BB1BD99722D9CBE800B9D951 /* Release */ = {
			isa = XCBuildConfiguration;
			buildSettings = {
				ASSETCATALOG_COMPILER_APPICON_NAME = AppIcon;
				CODE_SIGN_STYLE = Automatic;
				DEVELOPMENT_ASSET_PATHS = "MovieSwiftUI/Preview\\ Content";
				DEVELOPMENT_TEAM = DL942A8RW4;
				ENABLE_PREVIEWS = YES;
				INFOPLIST_FILE = MovieSwiftUI/Info.plist;
				LD_RUNPATH_SEARCH_PATHS = (
					"$(inherited)",
					"@executable_path/Frameworks",
				);
				PRODUCT_BUNDLE_IDENTIFIER = com.antonakakis.MovieSwiftUI;
				PRODUCT_NAME = "$(TARGET_NAME)";
				SWIFT_VERSION = 5.0;
				TARGETED_DEVICE_FAMILY = "1,2";
			};
			name = Release;
		};
/* End XCBuildConfiguration section */

/* Begin XCConfigurationList section */
		BB1BD97C22D9CBE400B9D951 /* Build configuration list for PBXProject "MovieSwiftUI" */ = {
			isa = XCConfigurationList;
			buildConfigurations = (
				BB1BD99322D9CBE800B9D951 /* Debug */,
				BB1BD99422D9CBE800B9D951 /* Release */,
			);
			defaultConfigurationIsVisible = 0;
			defaultConfigurationName = Release;
		};
		BB1BD99522D9CBE800B9D951 /* Build configuration list for PBXNativeTarget "MovieSwiftUI" */ = {
			isa = XCConfigurationList;
			buildConfigurations = (
				BB1BD99622D9CBE800B9D951 /* Debug */,
				BB1BD99722D9CBE800B9D951 /* Release */,
			);
			defaultConfigurationIsVisible = 0;
			defaultConfigurationName = Release;
		};
/* End XCConfigurationList section */
	};
	rootObject = BB1BD97922D9CBE400B9D951 /* Project object */;
}
